
Microsoft Visual Studio Solution File, Format Version 12.00
# Visual Studio Version 16
VisualStudioVersion = 16.0.28531.58
MinimumVisualStudioVersion = 10.0.40219.1
Project("{9A19103F-16F7-4668-BE54-9A1E7A4F7556}") = "BoardGameInsertDesigner.Web", "BoardGameInsertDesigner.Web\BoardGameInsertDesigner.Web.csproj", "{D4A785BA-40A7-4F92-A021-A3D837F65780}"
EndProject
Project("{9A19103F-16F7-4668-BE54-9A1E7A4F7556}") = "Rosser.LaserCut.TileMaker", "Rosser.LaserCut.TileMaker\Rosser.LaserCut.TileMaker.csproj", "{1FB4D5BF-5D8E-496D-B4F8-E0BA2DEBC998}"
EndProject
Global
	GlobalSection(SolutionConfigurationPlatforms) = preSolution
		Debug|Any CPU = Debug|Any CPU
		Release|Any CPU = Release|Any CPU
	EndGlobalSection
	GlobalSection(ProjectConfigurationPlatforms) = postSolution
		{D4A785BA-40A7-4F92-A021-A3D837F65780}.Debug|Any CPU.ActiveCfg = Debug|Any CPU
		{D4A785BA-40A7-4F92-A021-A3D837F65780}.Debug|Any CPU.Build.0 = Debug|Any CPU
		{D4A785BA-40A7-4F92-A021-A3D837F65780}.Release|Any CPU.ActiveCfg = Release|Any CPU
		{D4A785BA-40A7-4F92-A021-A3D837F65780}.Release|Any CPU.Build.0 = Release|Any CPU
		{1FB4D5BF-5D8E-496D-B4F8-E0BA2DEBC998}.Debug|Any CPU.ActiveCfg = Debug|Any CPU
		{1FB4D5BF-5D8E-496D-B4F8-E0BA2DEBC998}.Debug|Any CPU.Build.0 = Debug|Any CPU
		{1FB4D5BF-5D8E-496D-B4F8-E0BA2DEBC998}.Release|Any CPU.ActiveCfg = Release|Any CPU
		{1FB4D5BF-5D8E-496D-B4F8-E0BA2DEBC998}.Release|Any CPU.Build.0 = Release|Any CPU
	EndGlobalSection
	GlobalSection(SolutionProperties) = preSolution
		HideSolutionNode = FALSE
	EndGlobalSection
	GlobalSection(ExtensibilityGlobals) = postSolution
		SolutionGuid = {6C0D3C86-8180-4FB7-8BF9-93EC4AE1C028}
	EndGlobalSection
EndGlobal
